github.com/gofiber/storage/memory v1.3.4 h1:VxTq8Vrdvk73VsfvtTgc3LjXClbBrHXanzEo+w0cpgo=
github.com/gofiber/storage/memory v1.3.4/go.mod h1:pYsCUle/+4exGfsG7IlpmFYBVmNntP8OIDBvmABU8PE=
github.com/gofiber/utils v1.0.1 h1:knct4cXwBipWQqFrOy1Pv6UcgPM+EXo9jDgc66V1Qio=
github.com/gofiber/utils v1.0.1/go.mod h1:pacRFtghAE3UoknMOUiXh2Io/nLWSUHtQCi/3QASsOc=
